
Microsoft Visual Studio Solution File, Format Version 12.00
# Visual Studio Version 17
VisualStudioVersion = 17.5.002.0
MinimumVisualStudioVersion = 10.0.40219.1
Project("{9A19103F-16F7-4668-BE54-9A1E7A4F7556}") = "Prosjekt 1", "Prosjekt 1.csproj", "{7B3B9674-C3AB-4D89-AFC6-2151E7D66377}"
EndProject
Global
	GlobalSection(SolutionConfigurationPlatforms) = preSolution
		Debug|Any CPU = Debug|Any CPU
		Release|Any CPU = Release|Any CPU
	EndGlobalSection
	GlobalSection(ProjectConfigurationPlatforms) = postSolution
		{7B3B9674-C3AB-4D89-AFC6-2151E7D66377}.Debug|Any CPU.ActiveCfg = Debug|Any CPU
		{7B3B9674-C3AB-4D89-AFC6-2151E7D66377}.Debug|Any CPU.Build.0 = Debug|Any CPU
		{7B3B9674-C3AB-4D89-AFC6-2151E7D66377}.Release|Any CPU.ActiveCfg = Release|Any CPU
		{7B3B9674-C3AB-4D89-AFC6-2151E7D66377}.Release|Any CPU.Build.0 = Release|Any CPU
	EndGlobalSection
	GlobalSection(SolutionProperties) = preSolution
		HideSolutionNode = FALSE
	EndGlobalSection
	GlobalSection(ExtensibilityGlobals) = postSolution
		SolutionGuid = {7AFAFC92-C4FB-4DA9-A671-ED51EF217060}
	EndGlobalSection
EndGlobal
